
Microsoft Visual Studio Solution File, Format Version 12.00
# Visual Studio Version 17
VisualStudioVersion = 17.2.32526.322
MinimumVisualStudioVersion = 10.0.40219.1
Project("{9A19103F-16F7-4668-BE54-9A1E7A4F7556}") = "XServer.Core", "XServer.Core\XServer.Core.csproj", "{49B73502-EC99-4303-89A3-684F758B0AC1}"
EndProject
Project("{9A19103F-16F7-4668-BE54-9A1E7A4F7556}") = "XServer.Core.Test", "XServer.Core.Test\XServer.Core.Test.csproj", "{DB937B8D-375D-4BD4-8AA8-76791804DADB}"
EndProject
Project("{9A19103F-16F7-4668-BE54-9A1E7A4F7556}") = "XMap1Test", "XMap1Test\XMap1Test.csproj", "{6BBC2965-8C97-476A-9763-60119FD7DDBB}"
EndProject
Project("{FAE04EC0-301F-11D3-BF4B-00C04F79EFBC}") = "PtvDeveloperTest", "PtvDeveloperTest\PtvDeveloperTest.csproj", "{7A9E1C9C-1A71-4C56-B9DA-3CBC31D9CEDC}"
EndProject
Global
	GlobalSection(SolutionConfigurationPlatforms) = preSolution
		Debug|Any CPU = Debug|Any CPU
		Release|Any CPU = Release|Any CPU
	EndGlobalSection
	GlobalSection(ProjectConfigurationPlatforms) = postSolution
		{49B73502-EC99-4303-89A3-684F758B0AC1}.Debug|Any CPU.ActiveCfg = Debug|Any CPU
		{49B73502-EC99-4303-89A3-684F758B0AC1}.Debug|Any CPU.Build.0 = Debug|Any CPU
		{49B73502-EC99-4303-89A3-684F758B0AC1}.Release|Any CPU.ActiveCfg = Release|Any CPU
		{49B73502-EC99-4303-89A3-684F758B0AC1}.Release|Any CPU.Build.0 = Release|Any CPU
		{DB937B8D-375D-4BD4-8AA8-76791804DADB}.Debug|Any CPU.ActiveCfg = Debug|Any CPU
		{DB937B8D-375D-4BD4-8AA8-76791804DADB}.Debug|Any CPU.Build.0 = Debug|Any CPU
		{DB937B8D-375D-4BD4-8AA8-76791804DADB}.Release|Any CPU.ActiveCfg = Release|Any CPU
		{DB937B8D-375D-4BD4-8AA8-76791804DADB}.Release|Any CPU.Build.0 = Release|Any CPU
		{6BBC2965-8C97-476A-9763-60119FD7DDBB}.Debug|Any CPU.ActiveCfg = Debug|Any CPU
		{6BBC2965-8C97-476A-9763-60119FD7DDBB}.Debug|Any CPU.Build.0 = Debug|Any CPU
		{6BBC2965-8C97-476A-9763-60119FD7DDBB}.Release|Any CPU.ActiveCfg = Release|Any CPU
		{6BBC2965-8C97-476A-9763-60119FD7DDBB}.Release|Any CPU.Build.0 = Release|Any CPU
		{7A9E1C9C-1A71-4C56-B9DA-3CBC31D9CEDC}.Debug|Any CPU.ActiveCfg = Debug|Any CPU
		{7A9E1C9C-1A71-4C56-B9DA-3CBC31D9CEDC}.Debug|Any CPU.Build.0 = Debug|Any CPU
		{7A9E1C9C-1A71-4C56-B9DA-3CBC31D9CEDC}.Release|Any CPU.ActiveCfg = Release|Any CPU
		{7A9E1C9C-1A71-4C56-B9DA-3CBC31D9CEDC}.Release|Any CPU.Build.0 = Release|Any CPU
	EndGlobalSection
	GlobalSection(SolutionProperties) = preSolution
		HideSolutionNode = FALSE
	EndGlobalSection
	GlobalSection(ExtensibilityGlobals) = postSolution
		SolutionGuid = {BEA765A7-6691-4B10-97FA-6D7A01F65E1A}
	EndGlobalSection
EndGlobal
